
Microsoft Visual Studio Solution File, Format Version 12.00
# Visual Studio Version 17
VisualStudioVersion = 17.9.34321.82
MinimumVisualStudioVersion = 10.0.40219.1
Project("{9A19103F-16F7-4668-BE54-9A1E7A4F7556}") = "ONPA.AppHost", "src\ONPA.AppHost\ONPA.AppHost.csproj", "{8E77FE22-CB9F-48DA-9893-2FA06F927CE1}"
EndProject
Project("{9A19103F-16F7-4668-BE54-9A1E7A4F7556}") = "ONPA.ServiceDefaults", "src\ONPA.ServiceDefaults\ONPA.ServiceDefaults.csproj", "{B0394288-B540-4795-A552-1E34C1C7435F}"
EndProject
Project("{2150E333-8FDC-42A3-9474-1A3956D46DE8}") = "Hosting", "Hosting", "{2A640CB3-97A7-4D12-BC19-68BC064D9A69}"
EndProject
Project("{9A19103F-16F7-4668-BE54-9A1E7A4F7556}") = "ONPA.Apply", "src\ONPA.Apply\ONPA.Apply.csproj", "{704E8C0B-4D9B-4473-9E44-90212D6CFC02}"
EndProject
Project("{9A19103F-16F7-4668-BE54-9A1E7A4F7556}") = "ONPA.Apply.Api", "src\ONPA.Apply.Api\ONPA.Apply.Api.csproj", "{B16456F1-A024-40A6-8DED-600B3F1EBBC1}"
EndProject
Project("{9A19103F-16F7-4668-BE54-9A1E7A4F7556}") = "ONPA.Apply.Infrastructure", "src\ONPA.Apply.Infrastructure\ONPA.Apply.Infrastructure.csproj", "{8CA9F493-C896-42DB-A776-9696E3C3F8B7}"
EndProject
Project("{9A19103F-16F7-4668-BE54-9A1E7A4F7556}") = "ONPA.Common", "src\ONPA.Common\ONPA.Common.csproj", "{563163B2-E53F-459A-B939-5FABD8B0B081}"
EndProject
Project("{9A19103F-16F7-4668-BE54-9A1E7A4F7556}") = "ONPA.EventBus", "src\ONPA.EventBus\ONPA.EventBus.csproj", "{0FBB432B-49F1-48EC-AF91-1F5A937916C9}"
EndProject
Project("{9A19103F-16F7-4668-BE54-9A1E7A4F7556}") = "ONPA.EventBus.RabbitMq", "src\ONPA.EventBus.RabbitMq\ONPA.EventBus.RabbitMq.csproj", "{68D6488C-1B57-4CAA-AAA1-ABE7B8F37AA1}"
EndProject
Project("{9A19103F-16F7-4668-BE54-9A1E7A4F7556}") = "ONPA.Identity.Api", "src\ONPA.Identity.Api\ONPA.Identity.Api.csproj", "{D5001D95-12AC-420D-A7CB-F6F4FA173969}"
EndProject
Project("{9A19103F-16F7-4668-BE54-9A1E7A4F7556}") = "ONPA.IntegrationEvents", "src\ONPA.IntegrationEvents\ONPA.IntegrationEvents.csproj", "{D9066783-C93B-4F70-8782-383EF61C1525}"
EndProject
Project("{9A19103F-16F7-4668-BE54-9A1E7A4F7556}") = "ONPA.IntegrationEventsLog", "src\ONPA.IntegrationEventsLog\ONPA.IntegrationEventsLog.csproj", "{BF7DC431-084C-48BF-9A07-978877812312}"
EndProject
Project("{9A19103F-16F7-4668-BE54-9A1E7A4F7556}") = "ONPA.Membership", "src\ONPA.Membership\ONPA.Membership.csproj", "{8C908AE3-ED00-4CC7-83FE-BCF66D4A1CF4}"
EndProject
Project("{9A19103F-16F7-4668-BE54-9A1E7A4F7556}") = "ONPA.Membership.Api", "src\ONPA.Membership.Api\ONPA.Membership.Api.csproj", "{5AD9AC4C-9A97-44D7-A9E4-3C3B948770CE}"
EndProject
Project("{9A19103F-16F7-4668-BE54-9A1E7A4F7556}") = "ONPA.Membership.Infrastructure", "src\ONPA.Membership.Infrastructure\ONPA.Membership.Infrastructure.csproj", "{806784A7-FC20-44AF-AE8F-4A409F82A38A}"
EndProject
Project("{9A19103F-16F7-4668-BE54-9A1E7A4F7556}") = "ONPA.SharedDomain", "src\ONPA.SharedDomain\ONPA.SharedDomain.csproj", "{44DCBE6C-8E11-4722-BDF2-3DF7BEF2D2DB}"
EndProject
Project("{2150E333-8FDC-42A3-9474-1A3956D46DE8}") = "Services", "Services", "{B8E52034-E237-402D-B650-41F2089A6FB6}"
EndProject
Project("{2150E333-8FDC-42A3-9474-1A3956D46DE8}") = "Common", "Common", "{C0356534-71BB-46B3-8A9C-77E7833CAC96}"
EndProject
Project("{2150E333-8FDC-42A3-9474-1A3956D46DE8}") = "Integration", "Integration", "{DDF73E9E-A487-49A0-86E9-161BC4C00BA1}"
EndProject
Project("{2150E333-8FDC-42A3-9474-1A3956D46DE8}") = "Apply", "Apply", "{A8D48898-ABFB-400D-98C5-AC41B65ACAE7}"
EndProject
Project("{2150E333-8FDC-42A3-9474-1A3956D46DE8}") = "Membership", "Membership", "{E8B1C4B5-604F-47C9-A475-AF024299788F}"
EndProject
Project("{2150E333-8FDC-42A3-9474-1A3956D46DE8}") = "Identity", "Identity", "{B69DB3D9-CBDF-40E6-A488-EF92DB8D7AE9}"
EndProject
Project("{2150E333-8FDC-42A3-9474-1A3956D46DE8}") = "Clients", "Clients", "{E223D0ED-72AB-4376-A19B-8E171D5A8DE8}"
EndProject
Project("{2150E333-8FDC-42A3-9474-1A3956D46DE8}") = "Tests", "Tests", "{EFBD0CDD-9A67-47F8-85BE-56071DE12EF3}"
EndProject
Project("{9A19103F-16F7-4668-BE54-9A1E7A4F7556}") = "ONPA.UnitTests", "test\ONPA.UnitTests\ONPA.UnitTests.csproj", "{DA530FA7-A813-470C-B9ED-CF1DA918AC01}"
EndProject
Project("{9A19103F-16F7-4668-BE54-9A1E7A4F7556}") = "ONPA.FunctionalTests", "test\ONPA.FunctionalTests\ONPA.FunctionalTests.csproj", "{0950DF20-FA89-4850-86F3-CD036473AED2}"
EndProject
Project("{2150E333-8FDC-42A3-9474-1A3956D46DE8}") = "Gatherings", "Gatherings", "{65819D03-3E74-4C0D-9C27-FB524B1D7732}"
EndProject
Project("{9A19103F-16F7-4668-BE54-9A1E7A4F7556}") = "ONPA.Gatherings", "src\ONPA.Gatherings\ONPA.Gatherings.csproj", "{62DBC98E-7147-46FC-ADC1-C697C60E8961}"
EndProject
Project("{9A19103F-16F7-4668-BE54-9A1E7A4F7556}") = "ONPA.Gatherings.Infrastructure", "src\ONPA.Gatherings.Infrastructure\ONPA.Gatherings.Infrastructure.csproj", "{7575DF1E-7D9B-475F-9F0E-07968E52EE2F}"
EndProject
Project("{9A19103F-16F7-4668-BE54-9A1E7A4F7556}") = "ONPA.Gatherings.Api", "src\ONPA.Gatherings.Api\ONPA.Gatherings.Api.csproj", "{A326F6DC-B0D7-420C-B010-2B7CFE759A0D}"
EndProject
Project("{9A19103F-16F7-4668-BE54-9A1E7A4F7556}") = "ONPA.Communication", "src\ONPA.Communication\ONPA.Communication.csproj", "{3558BD25-FCF4-45E2-8CAC-49A47E95CF92}"
EndProject
Project("{2150E333-8FDC-42A3-9474-1A3956D46DE8}") = "Communication", "Communication", "{C91455A2-91AB-4291-8EBB-D0241AD8E4E9}"
EndProject
Project("{9A19103F-16F7-4668-BE54-9A1E7A4F7556}") = "ONPA.Communication.Infrastructure", "src\ONPA.Communication.Infrastructure\ONPA.Communication.Infrastructure.csproj", "{80250A4D-7A98-4F49-8D71-215AD3F9CCA5}"
EndProject
Project("{9A19103F-16F7-4668-BE54-9A1E7A4F7556}") = "ONPA.Communication.Api", "src\ONPA.Communication.Api\ONPA.Communication.Api.csproj", "{D3A806E8-7B72-4C91-9AFE-EC1668A3ECBB}"
EndProject
Project("{9A19103F-16F7-4668-BE54-9A1E7A4F7556}") = "ONPA.Common.Infrastructure", "src\ONPA.Common.Infrastructure\ONPA.Common.Infrastructure.csproj", "{655F8012-B473-4ABD-815A-FD3A7AFE665F}"
EndProject
Project("{9A19103F-16F7-4668-BE54-9A1E7A4F7556}") = "ONPA.WebApp", "src\ONPA.WebApp\ONPA.WebApp.csproj", "{084EE804-F167-4DF9-9E2B-1C57AF431303}"
EndProject
Project("{9A19103F-16F7-4668-BE54-9A1E7A4F7556}") = "ONPA.Apply.Contract", "src\ONPA.Apply.Contract\ONPA.Apply.Contract.csproj", "{F637D6EA-F604-4D7F-904E-DFD6A8A89541}"
EndProject
Project("{9A19103F-16F7-4668-BE54-9A1E7A4F7556}") = "ONPA.Membership.Contract", "src\ONPA.Membership.Contract\ONPA.Membership.Contract.csproj", "{65A319E6-8772-4DAF-85E1-0D4127F3D237}"
EndProject
Project("{2150E333-8FDC-42A3-9474-1A3956D46DE8}") = "Organizations", "Organizations", "{B3672403-5B7D-47B5-A856-D6EEB446BA04}"
EndProject
Project("{9A19103F-16F7-4668-BE54-9A1E7A4F7556}") = "ONPA.Organizations.Api", "src\ONPA.Organizations.Api\ONPA.Organizations.Api.csproj", "{06E0FEEF-EF57-45C6-86B0-52B163A774EA}"
EndProject
Project("{9A19103F-16F7-4668-BE54-9A1E7A4F7556}") = "ONPA.Organizations", "src\ONPA.Organizations\ONPA.Organizations.csproj", "{A4354B6D-38C6-464C-85C3-3F19392FA8CF}"
EndProject
Project("{9A19103F-16F7-4668-BE54-9A1E7A4F7556}") = "ONPA.Organizations.Infrastructure", "src\ONPA.Organizations.Infrastructure\ONPA.Organizations.Infrastructure.csproj", "{6FF3DAE0-817B-4A96-A6F2-967E8349003F}"
EndProject
Project("{9A19103F-16F7-4668-BE54-9A1E7A4F7556}") = "ONPA.Organizations.Contract", "src\ONPA.Organizations.Contract\ONPA.Organizations.Contract.csproj", "{DBEADC00-DF3E-49E7-95FC-0203871CF6C7}"
EndProject
Project("{9A19103F-16F7-4668-BE54-9A1E7A4F7556}") = "ONPA.Gatherings.Contract", "src\ONPA.Gatherings.Contract\ONPA.Gatherings.Contract.csproj", "{1F939380-592D-444E-BD30-1604E288EB2F}"
EndProject
Project("{FAE04EC0-301F-11D3-BF4B-00C04F79EFBC}") = "AdminApp", "src\AdminApp\AdminApp.csproj", "{25B951E7-7D37-4A67-AAE0-086707FADE63}"
EndProject
Global
	GlobalSection(SolutionConfigurationPlatforms) = preSolution
		Debug|Any CPU = Debug|Any CPU
		Release|Any CPU = Release|Any CPU
	EndGlobalSection
	GlobalSection(ProjectConfigurationPlatforms) = postSolution
		{8E77FE22-CB9F-48DA-9893-2FA06F927CE1}.Debug|Any CPU.ActiveCfg = Debug|Any CPU
		{8E77FE22-CB9F-48DA-9893-2FA06F927CE1}.Debug|Any CPU.Build.0 = Debug|Any CPU
		{8E77FE22-CB9F-48DA-9893-2FA06F927CE1}.Release|Any CPU.ActiveCfg = Release|Any CPU
		{8E77FE22-CB9F-48DA-9893-2FA06F927CE1}.Release|Any CPU.Build.0 = Release|Any CPU
		{B0394288-B540-4795-A552-1E34C1C7435F}.Debug|Any CPU.ActiveCfg = Debug|Any CPU
		{B0394288-B540-4795-A552-1E34C1C7435F}.Debug|Any CPU.Build.0 = Debug|Any CPU
		{B0394288-B540-4795-A552-1E34C1C7435F}.Release|Any CPU.ActiveCfg = Release|Any CPU
		{B0394288-B540-4795-A552-1E34C1C7435F}.Release|Any CPU.Build.0 = Release|Any CPU
		{704E8C0B-4D9B-4473-9E44-90212D6CFC02}.Debug|Any CPU.ActiveCfg = Debug|Any CPU
		{704E8C0B-4D9B-4473-9E44-90212D6CFC02}.Debug|Any CPU.Build.0 = Debug|Any CPU
		{704E8C0B-4D9B-4473-9E44-90212D6CFC02}.Release|Any CPU.ActiveCfg = Release|Any CPU
		{704E8C0B-4D9B-4473-9E44-90212D6CFC02}.Release|Any CPU.Build.0 = Release|Any CPU
		{B16456F1-A024-40A6-8DED-600B3F1EBBC1}.Debug|Any CPU.ActiveCfg = Debug|Any CPU
		{B16456F1-A024-40A6-8DED-600B3F1EBBC1}.Debug|Any CPU.Build.0 = Debug|Any CPU
		{B16456F1-A024-40A6-8DED-600B3F1EBBC1}.Release|Any CPU.ActiveCfg = Release|Any CPU
		{B16456F1-A024-40A6-8DED-600B3F1EBBC1}.Release|Any CPU.Build.0 = Release|Any CPU
		{8CA9F493-C896-42DB-A776-9696E3C3F8B7}.Debug|Any CPU.ActiveCfg = Debug|Any CPU
		{8CA9F493-C896-42DB-A776-9696E3C3F8B7}.Debug|Any CPU.Build.0 = Debug|Any CPU
		{8CA9F493-C896-42DB-A776-9696E3C3F8B7}.Release|Any CPU.ActiveCfg = Release|Any CPU
		{8CA9F493-C896-42DB-A776-9696E3C3F8B7}.Release|Any CPU.Build.0 = Release|Any CPU
		{563163B2-E53F-459A-B939-5FABD8B0B081}.Debug|Any CPU.ActiveCfg = Debug|Any CPU
		{563163B2-E53F-459A-B939-5FABD8B0B081}.Debug|Any CPU.Build.0 = Debug|Any CPU
		{563163B2-E53F-459A-B939-5FABD8B0B081}.Release|Any CPU.ActiveCfg = Release|Any CPU
		{563163B2-E53F-459A-B939-5FABD8B0B081}.Release|Any CPU.Build.0 = Release|Any CPU
		{0FBB432B-49F1-48EC-AF91-1F5A937916C9}.Debug|Any CPU.ActiveCfg = Debug|Any CPU
		{0FBB432B-49F1-48EC-AF91-1F5A937916C9}.Debug|Any CPU.Build.0 = Debug|Any CPU
		{0FBB432B-49F1-48EC-AF91-1F5A937916C9}.Release|Any CPU.ActiveCfg = Release|Any CPU
		{0FBB432B-49F1-48EC-AF91-1F5A937916C9}.Release|Any CPU.Build.0 = Release|Any CPU
		{68D6488C-1B57-4CAA-AAA1-ABE7B8F37AA1}.Debug|Any CPU.ActiveCfg = Debug|Any CPU
		{68D6488C-1B57-4CAA-AAA1-ABE7B8F37AA1}.Debug|Any CPU.Build.0 = Debug|Any CPU
		{68D6488C-1B57-4CAA-AAA1-ABE7B8F37AA1}.Release|Any CPU.ActiveCfg = Release|Any CPU
		{68D6488C-1B57-4CAA-AAA1-ABE7B8F37AA1}.Release|Any CPU.Build.0 = Release|Any CPU
		{D5001D95-12AC-420D-A7CB-F6F4FA173969}.Debug|Any CPU.ActiveCfg = Debug|Any CPU
		{D5001D95-12AC-420D-A7CB-F6F4FA173969}.Debug|Any CPU.Build.0 = Debug|Any CPU
		{D5001D95-12AC-420D-A7CB-F6F4FA173969}.Release|Any CPU.ActiveCfg = Release|Any CPU
		{D5001D95-12AC-420D-A7CB-F6F4FA173969}.Release|Any CPU.Build.0 = Release|Any CPU
		{D9066783-C93B-4F70-8782-383EF61C1525}.Debug|Any CPU.ActiveCfg = Debug|Any CPU
		{D9066783-C93B-4F70-8782-383EF61C1525}.Debug|Any CPU.Build.0 = Debug|Any CPU
		{D9066783-C93B-4F70-8782-383EF61C1525}.Release|Any CPU.ActiveCfg = Release|Any CPU
		{D9066783-C93B-4F70-8782-383EF61C1525}.Release|Any CPU.Build.0 = Release|Any CPU
		{BF7DC431-084C-48BF-9A07-978877812312}.Debug|Any CPU.ActiveCfg = Debug|Any CPU
		{BF7DC431-084C-48BF-9A07-978877812312}.Debug|Any CPU.Build.0 = Debug|Any CPU
		{BF7DC431-084C-48BF-9A07-978877812312}.Release|Any CPU.ActiveCfg = Release|Any CPU
		{BF7DC431-084C-48BF-9A07-978877812312}.Release|Any CPU.Build.0 = Release|Any CPU
		{8C908AE3-ED00-4CC7-83FE-BCF66D4A1CF4}.Debug|Any CPU.ActiveCfg = Debug|Any CPU
		{8C908AE3-ED00-4CC7-83FE-BCF66D4A1CF4}.Debug|Any CPU.Build.0 = Debug|Any CPU
		{8C908AE3-ED00-4CC7-83FE-BCF66D4A1CF4}.Release|Any CPU.ActiveCfg = Release|Any CPU
		{8C908AE3-ED00-4CC7-83FE-BCF66D4A1CF4}.Release|Any CPU.Build.0 = Release|Any CPU
		{5AD9AC4C-9A97-44D7-A9E4-3C3B948770CE}.Debug|Any CPU.ActiveCfg = Debug|Any CPU
		{5AD9AC4C-9A97-44D7-A9E4-3C3B948770CE}.Debug|Any CPU.Build.0 = Debug|Any CPU
		{5AD9AC4C-9A97-44D7-A9E4-3C3B948770CE}.Release|Any CPU.ActiveCfg = Release|Any CPU
		{5AD9AC4C-9A97-44D7-A9E4-3C3B948770CE}.Release|Any CPU.Build.0 = Release|Any CPU
		{806784A7-FC20-44AF-AE8F-4A409F82A38A}.Debug|Any CPU.ActiveCfg = Debug|Any CPU
		{806784A7-FC20-44AF-AE8F-4A409F82A38A}.Debug|Any CPU.Build.0 = Debug|Any CPU
		{806784A7-FC20-44AF-AE8F-4A409F82A38A}.Release|Any CPU.ActiveCfg = Release|Any CPU
		{806784A7-FC20-44AF-AE8F-4A409F82A38A}.Release|Any CPU.Build.0 = Release|Any CPU
		{44DCBE6C-8E11-4722-BDF2-3DF7BEF2D2DB}.Debug|Any CPU.ActiveCfg = Debug|Any CPU
		{44DCBE6C-8E11-4722-BDF2-3DF7BEF2D2DB}.Debug|Any CPU.Build.0 = Debug|Any CPU
		{44DCBE6C-8E11-4722-BDF2-3DF7BEF2D2DB}.Release|Any CPU.ActiveCfg = Release|Any CPU
		{44DCBE6C-8E11-4722-BDF2-3DF7BEF2D2DB}.Release|Any CPU.Build.0 = Release|Any CPU
		{DA530FA7-A813-470C-B9ED-CF1DA918AC01}.Debug|Any CPU.ActiveCfg = Debug|Any CPU
		{DA530FA7-A813-470C-B9ED-CF1DA918AC01}.Debug|Any CPU.Build.0 = Debug|Any CPU
		{DA530FA7-A813-470C-B9ED-CF1DA918AC01}.Release|Any CPU.ActiveCfg = Release|Any CPU
		{DA530FA7-A813-470C-B9ED-CF1DA918AC01}.Release|Any CPU.Build.0 = Release|Any CPU
		{0950DF20-FA89-4850-86F3-CD036473AED2}.Debug|Any CPU.ActiveCfg = Debug|Any CPU
		{0950DF20-FA89-4850-86F3-CD036473AED2}.Debug|Any CPU.Build.0 = Debug|Any CPU
		{0950DF20-FA89-4850-86F3-CD036473AED2}.Release|Any CPU.ActiveCfg = Release|Any CPU
		{0950DF20-FA89-4850-86F3-CD036473AED2}.Release|Any CPU.Build.0 = Release|Any CPU
		{62DBC98E-7147-46FC-ADC1-C697C60E8961}.Debug|Any CPU.ActiveCfg = Debug|Any CPU
		{62DBC98E-7147-46FC-ADC1-C697C60E8961}.Debug|Any CPU.Build.0 = Debug|Any CPU
		{62DBC98E-7147-46FC-ADC1-C697C60E8961}.Release|Any CPU.ActiveCfg = Release|Any CPU
		{62DBC98E-7147-46FC-ADC1-C697C60E8961}.Release|Any CPU.Build.0 = Release|Any CPU
		{7575DF1E-7D9B-475F-9F0E-07968E52EE2F}.Debug|Any CPU.ActiveCfg = Debug|Any CPU
		{7575DF1E-7D9B-475F-9F0E-07968E52EE2F}.Debug|Any CPU.Build.0 = Debug|Any CPU
		{7575DF1E-7D9B-475F-9F0E-07968E52EE2F}.Release|Any CPU.ActiveCfg = Release|Any CPU
		{7575DF1E-7D9B-475F-9F0E-07968E52EE2F}.Release|Any CPU.Build.0 = Release|Any CPU
		{A326F6DC-B0D7-420C-B010-2B7CFE759A0D}.Debug|Any CPU.ActiveCfg = Debug|Any CPU
		{A326F6DC-B0D7-420C-B010-2B7CFE759A0D}.Debug|Any CPU.Build.0 = Debug|Any CPU
		{A326F6DC-B0D7-420C-B010-2B7CFE759A0D}.Release|Any CPU.ActiveCfg = Release|Any CPU
		{A326F6DC-B0D7-420C-B010-2B7CFE759A0D}.Release|Any CPU.Build.0 = Release|Any CPU
		{3558BD25-FCF4-45E2-8CAC-49A47E95CF92}.Debug|Any CPU.ActiveCfg = Debug|Any CPU
		{3558BD25-FCF4-45E2-8CAC-49A47E95CF92}.Debug|Any CPU.Build.0 = Debug|Any CPU
		{3558BD25-FCF4-45E2-8CAC-49A47E95CF92}.Release|Any CPU.ActiveCfg = Release|Any CPU
		{3558BD25-FCF4-45E2-8CAC-49A47E95CF92}.Release|Any CPU.Build.0 = Release|Any CPU
		{80250A4D-7A98-4F49-8D71-215AD3F9CCA5}.Debug|Any CPU.ActiveCfg = Debug|Any CPU
		{80250A4D-7A98-4F49-8D71-215AD3F9CCA5}.Debug|Any CPU.Build.0 = Debug|Any CPU
		{80250A4D-7A98-4F49-8D71-215AD3F9CCA5}.Release|Any CPU.ActiveCfg = Release|Any CPU
		{80250A4D-7A98-4F49-8D71-215AD3F9CCA5}.Release|Any CPU.Build.0 = Release|Any CPU
		{D3A806E8-7B72-4C91-9AFE-EC1668A3ECBB}.Debug|Any CPU.ActiveCfg = Debug|Any CPU
		{D3A806E8-7B72-4C91-9AFE-EC1668A3ECBB}.Debug|Any CPU.Build.0 = Debug|Any CPU
		{D3A806E8-7B72-4C91-9AFE-EC1668A3ECBB}.Release|Any CPU.ActiveCfg = Release|Any CPU
		{D3A806E8-7B72-4C91-9AFE-EC1668A3ECBB}.Release|Any CPU.Build.0 = Release|Any CPU
		{655F8012-B473-4ABD-815A-FD3A7AFE665F}.Debug|Any CPU.ActiveCfg = Debug|Any CPU
		{655F8012-B473-4ABD-815A-FD3A7AFE665F}.Debug|Any CPU.Build.0 = Debug|Any CPU
		{655F8012-B473-4ABD-815A-FD3A7AFE665F}.Release|Any CPU.ActiveCfg = Release|Any CPU
		{655F8012-B473-4ABD-815A-FD3A7AFE665F}.Release|Any CPU.Build.0 = Release|Any CPU
		{084EE804-F167-4DF9-9E2B-1C57AF431303}.Debug|Any CPU.ActiveCfg = Debug|Any CPU
		{084EE804-F167-4DF9-9E2B-1C57AF431303}.Debug|Any CPU.Build.0 = Debug|Any CPU
		{084EE804-F167-4DF9-9E2B-1C57AF431303}.Release|Any CPU.ActiveCfg = Release|Any CPU
		{084EE804-F167-4DF9-9E2B-1C57AF431303}.Release|Any CPU.Build.0 = Release|Any CPU
		{F637D6EA-F604-4D7F-904E-DFD6A8A89541}.Debug|Any CPU.ActiveCfg = Debug|Any CPU
		{F637D6EA-F604-4D7F-904E-DFD6A8A89541}.Debug|Any CPU.Build.0 = Debug|Any CPU
		{F637D6EA-F604-4D7F-904E-DFD6A8A89541}.Release|Any CPU.ActiveCfg = Release|Any CPU
		{F637D6EA-F604-4D7F-904E-DFD6A8A89541}.Release|Any CPU.Build.0 = Release|Any CPU
		{65A319E6-8772-4DAF-85E1-0D4127F3D237}.Debug|Any CPU.ActiveCfg = Debug|Any CPU
		{65A319E6-8772-4DAF-85E1-0D4127F3D237}.Debug|Any CPU.Build.0 = Debug|Any CPU
		{65A319E6-8772-4DAF-85E1-0D4127F3D237}.Release|Any CPU.ActiveCfg = Release|Any CPU
		{65A319E6-8772-4DAF-85E1-0D4127F3D237}.Release|Any CPU.Build.0 = Release|Any CPU
		{06E0FEEF-EF57-45C6-86B0-52B163A774EA}.Debug|Any CPU.ActiveCfg = Debug|Any CPU
		{06E0FEEF-EF57-45C6-86B0-52B163A774EA}.Debug|Any CPU.Build.0 = Debug|Any CPU
		{06E0FEEF-EF57-45C6-86B0-52B163A774EA}.Release|Any CPU.ActiveCfg = Release|Any CPU
		{06E0FEEF-EF57-45C6-86B0-52B163A774EA}.Release|Any CPU.Build.0 = Release|Any CPU
		{A4354B6D-38C6-464C-85C3-3F19392FA8CF}.Debug|Any CPU.ActiveCfg = Debug|Any CPU
		{A4354B6D-38C6-464C-85C3-3F19392FA8CF}.Debug|Any CPU.Build.0 = Debug|Any CPU
		{A4354B6D-38C6-464C-85C3-3F19392FA8CF}.Release|Any CPU.ActiveCfg = Release|Any CPU
		{A4354B6D-38C6-464C-85C3-3F19392FA8CF}.Release|Any CPU.Build.0 = Release|Any CPU
		{6FF3DAE0-817B-4A96-A6F2-967E8349003F}.Debug|Any CPU.ActiveCfg = Debug|Any CPU
		{6FF3DAE0-817B-4A96-A6F2-967E8349003F}.Debug|Any CPU.Build.0 = Debug|Any CPU
		{6FF3DAE0-817B-4A96-A6F2-967E8349003F}.Release|Any CPU.ActiveCfg = Release|Any CPU
		{6FF3DAE0-817B-4A96-A6F2-967E8349003F}.Release|Any CPU.Build.0 = Release|Any CPU
		{DBEADC00-DF3E-49E7-95FC-0203871CF6C7}.Debug|Any CPU.ActiveCfg = Debug|Any CPU
		{DBEADC00-DF3E-49E7-95FC-0203871CF6C7}.Debug|Any CPU.Build.0 = Debug|Any CPU
		{DBEADC00-DF3E-49E7-95FC-0203871CF6C7}.Release|Any CPU.ActiveCfg = Release|Any CPU
		{DBEADC00-DF3E-49E7-95FC-0203871CF6C7}.Release|Any CPU.Build.0 = Release|Any CPU
		{1F939380-592D-444E-BD30-1604E288EB2F}.Debug|Any CPU.ActiveCfg = Debug|Any CPU
		{1F939380-592D-444E-BD30-1604E288EB2F}.Debug|Any CPU.Build.0 = Debug|Any CPU
		{1F939380-592D-444E-BD30-1604E288EB2F}.Release|Any CPU.ActiveCfg = Release|Any CPU
		{1F939380-592D-444E-BD30-1604E288EB2F}.Release|Any CPU.Build.0 = Release|Any CPU
		{25B951E7-7D37-4A67-AAE0-086707FADE63}.Debug|Any CPU.ActiveCfg = Debug|Any CPU
		{25B951E7-7D37-4A67-AAE0-086707FADE63}.Debug|Any CPU.Build.0 = Debug|Any CPU
		{25B951E7-7D37-4A67-AAE0-086707FADE63}.Release|Any CPU.ActiveCfg = Release|Any CPU
		{25B951E7-7D37-4A67-AAE0-086707FADE63}.Release|Any CPU.Build.0 = Release|Any CPU
	EndGlobalSection
	GlobalSection(SolutionProperties) = preSolution
		HideSolutionNode = FALSE
	EndGlobalSection
	GlobalSection(NestedProjects) = preSolution
		{8E77FE22-CB9F-48DA-9893-2FA06F927CE1} = {2A640CB3-97A7-4D12-BC19-68BC064D9A69}
		{B0394288-B540-4795-A552-1E34C1C7435F} = {2A640CB3-97A7-4D12-BC19-68BC064D9A69}
		{704E8C0B-4D9B-4473-9E44-90212D6CFC02} = {A8D48898-ABFB-400D-98C5-AC41B65ACAE7}
		{B16456F1-A024-40A6-8DED-600B3F1EBBC1} = {A8D48898-ABFB-400D-98C5-AC41B65ACAE7}
		{8CA9F493-C896-42DB-A776-9696E3C3F8B7} = {A8D48898-ABFB-400D-98C5-AC41B65ACAE7}
		{563163B2-E53F-459A-B939-5FABD8B0B081} = {C0356534-71BB-46B3-8A9C-77E7833CAC96}
		{0FBB432B-49F1-48EC-AF91-1F5A937916C9} = {DDF73E9E-A487-49A0-86E9-161BC4C00BA1}
		{68D6488C-1B57-4CAA-AAA1-ABE7B8F37AA1} = {DDF73E9E-A487-49A0-86E9-161BC4C00BA1}
		{D5001D95-12AC-420D-A7CB-F6F4FA173969} = {B69DB3D9-CBDF-40E6-A488-EF92DB8D7AE9}
		{D9066783-C93B-4F70-8782-383EF61C1525} = {DDF73E9E-A487-49A0-86E9-161BC4C00BA1}
		{BF7DC431-084C-48BF-9A07-978877812312} = {DDF73E9E-A487-49A0-86E9-161BC4C00BA1}
		{8C908AE3-ED00-4CC7-83FE-BCF66D4A1CF4} = {E8B1C4B5-604F-47C9-A475-AF024299788F}
		{5AD9AC4C-9A97-44D7-A9E4-3C3B948770CE} = {E8B1C4B5-604F-47C9-A475-AF024299788F}
		{806784A7-FC20-44AF-AE8F-4A409F82A38A} = {E8B1C4B5-604F-47C9-A475-AF024299788F}
		{44DCBE6C-8E11-4722-BDF2-3DF7BEF2D2DB} = {C0356534-71BB-46B3-8A9C-77E7833CAC96}
		{A8D48898-ABFB-400D-98C5-AC41B65ACAE7} = {B8E52034-E237-402D-B650-41F2089A6FB6}
		{E8B1C4B5-604F-47C9-A475-AF024299788F} = {B8E52034-E237-402D-B650-41F2089A6FB6}
		{B69DB3D9-CBDF-40E6-A488-EF92DB8D7AE9} = {B8E52034-E237-402D-B650-41F2089A6FB6}
		{DA530FA7-A813-470C-B9ED-CF1DA918AC01} = {EFBD0CDD-9A67-47F8-85BE-56071DE12EF3}
		{0950DF20-FA89-4850-86F3-CD036473AED2} = {EFBD0CDD-9A67-47F8-85BE-56071DE12EF3}
		{65819D03-3E74-4C0D-9C27-FB524B1D7732} = {B8E52034-E237-402D-B650-41F2089A6FB6}
		{62DBC98E-7147-46FC-ADC1-C697C60E8961} = {65819D03-3E74-4C0D-9C27-FB524B1D7732}
		{7575DF1E-7D9B-475F-9F0E-07968E52EE2F} = {65819D03-3E74-4C0D-9C27-FB524B1D7732}
		{A326F6DC-B0D7-420C-B010-2B7CFE759A0D} = {65819D03-3E74-4C0D-9C27-FB524B1D7732}
		{3558BD25-FCF4-45E2-8CAC-49A47E95CF92} = {C91455A2-91AB-4291-8EBB-D0241AD8E4E9}
		{C91455A2-91AB-4291-8EBB-D0241AD8E4E9} = {B8E52034-E237-402D-B650-41F2089A6FB6}
		{80250A4D-7A98-4F49-8D71-215AD3F9CCA5} = {C91455A2-91AB-4291-8EBB-D0241AD8E4E9}
		{D3A806E8-7B72-4C91-9AFE-EC1668A3ECBB} = {C91455A2-91AB-4291-8EBB-D0241AD8E4E9}
		{655F8012-B473-4ABD-815A-FD3A7AFE665F} = {C0356534-71BB-46B3-8A9C-77E7833CAC96}
		{084EE804-F167-4DF9-9E2B-1C57AF431303} = {E223D0ED-72AB-4376-A19B-8E171D5A8DE8}
		{F637D6EA-F604-4D7F-904E-DFD6A8A89541} = {A8D48898-ABFB-400D-98C5-AC41B65ACAE7}
		{65A319E6-8772-4DAF-85E1-0D4127F3D237} = {E8B1C4B5-604F-47C9-A475-AF024299788F}
		{B3672403-5B7D-47B5-A856-D6EEB446BA04} = {B8E52034-E237-402D-B650-41F2089A6FB6}
		{06E0FEEF-EF57-45C6-86B0-52B163A774EA} = {B3672403-5B7D-47B5-A856-D6EEB446BA04}
		{A4354B6D-38C6-464C-85C3-3F19392FA8CF} = {B3672403-5B7D-47B5-A856-D6EEB446BA04}
		{6FF3DAE0-817B-4A96-A6F2-967E8349003F} = {B3672403-5B7D-47B5-A856-D6EEB446BA04}
		{DBEADC00-DF3E-49E7-95FC-0203871CF6C7} = {B3672403-5B7D-47B5-A856-D6EEB446BA04}
		{1F939380-592D-444E-BD30-1604E288EB2F} = {65819D03-3E74-4C0D-9C27-FB524B1D7732}
		{25B951E7-7D37-4A67-AAE0-086707FADE63} = {E223D0ED-72AB-4376-A19B-8E171D5A8DE8}
	EndGlobalSection
	GlobalSection(ExtensibilityGlobals) = postSolution
		SolutionGuid = {8128E482-1029-4806-9243-216248ABEA19}
	EndGlobalSection
EndGlobal
